
Microsoft Visual Studio Solution File, Format Version 12.00
# Visual Studio 15
VisualStudioVersion = 15.0.28307.329
MinimumVisualStudioVersion = 10.0.40219.1
Project("{FAE04EC0-301F-11D3-BF4B-00C04F79EFBC}") = "sudokuapi", "sudokuapi\sudokuapi.csproj", "{8042A33E-B193-4B9C-9C57-8F208467F174}"
EndProject
Global
	GlobalSection(SolutionConfigurationPlatforms) = preSolution
		Debug|Any CPU = Debug|Any CPU
		Release|Any CPU = Release|Any CPU
	EndGlobalSection
	GlobalSection(ProjectConfigurationPlatforms) = postSolution
		{8042A33E-B193-4B9C-9C57-8F208467F174}.Debug|Any CPU.ActiveCfg = Debug|Any CPU
		{8042A33E-B193-4B9C-9C57-8F208467F174}.Debug|Any CPU.Build.0 = Debug|Any CPU
		{8042A33E-B193-4B9C-9C57-8F208467F174}.Release|Any CPU.ActiveCfg = Release|Any CPU
		{8042A33E-B193-4B9C-9C57-8F208467F174}.Release|Any CPU.Build.0 = Release|Any CPU
	EndGlobalSection
	GlobalSection(SolutionProperties) = preSolution
		HideSolutionNode = FALSE
	EndGlobalSection
	GlobalSection(ExtensibilityGlobals) = postSolution
		SolutionGuid = {3796F5EC-C93E-4438-9BD1-655A318E2A3F}
	EndGlobalSection
EndGlobal
